
Microsoft Visual Studio Solution File, Format Version 11.00
# Visual Studio 2010
Project("{8BC9CEB8-8B4A-11D0-8D11-00A0C91BC942}") = "STBLLIB", "STBLLIB\STBLLIB.vcxproj", "{0659538B-CEED-5ECE-E652-630C314B7E73}"
EndProject
Project("{8BC9CEB8-8B4A-11D0-8D11-00A0C91BC942}") = "STMFlashLoader", "STMFlashLoader\STMFlashLoader.vcxproj", "{FF31790F-3B00-D8B5-01F4-6B9FB44A9A35}"
	ProjectSection(ProjectDependencies) = postProject
		{0659538B-CEED-5ECE-E652-630C314B7E73} = {0659538B-CEED-5ECE-E652-630C314B7E73}
	EndProjectSection
EndProject
Global
	GlobalSection(SolutionConfigurationPlatforms) = preSolution
		Debug|Win32 = Debug|Win32
		Release|Win32 = Release|Win32
		Template|Win32 = Template|Win32
	EndGlobalSection
	GlobalSection(ProjectConfigurationPlatforms) = postSolution
		{0659538B-CEED-5ECE-E652-630C314B7E73}.Debug|Win32.ActiveCfg = Debug|Win32
		{0659538B-CEED-5ECE-E652-630C314B7E73}.Debug|Win32.Build.0 = Debug|Win32
		{0659538B-CEED-5ECE-E652-630C314B7E73}.Release|Win32.ActiveCfg = Release|Win32
		{0659538B-CEED-5ECE-E652-630C314B7E73}.Release|Win32.Build.0 = Release|Win32
		{0659538B-CEED-5ECE-E652-630C314B7E73}.Template|Win32.ActiveCfg = Release|Win32
		{0659538B-CEED-5ECE-E652-630C314B7E73}.Template|Win32.Build.0 = Release|Win32
		{FF31790F-3B00-D8B5-01F4-6B9FB44A9A35}.Debug|Win32.ActiveCfg = Debug|Win32
		{FF31790F-3B00-D8B5-01F4-6B9FB44A9A35}.Debug|Win32.Build.0 = Debug|Win32
		{FF31790F-3B00-D8B5-01F4-6B9FB44A9A35}.Release|Win32.ActiveCfg = Release|Win32
		{FF31790F-3B00-D8B5-01F4-6B9FB44A9A35}.Release|Win32.Build.0 = Release|Win32
		{FF31790F-3B00-D8B5-01F4-6B9FB44A9A35}.Template|Win32.ActiveCfg = Template|Win32
		{FF31790F-3B00-D8B5-01F4-6B9FB44A9A35}.Template|Win32.Build.0 = Template|Win32
	EndGlobalSection
	GlobalSection(SolutionProperties) = preSolution
		HideSolutionNode = FALSE
	EndGlobalSection
EndGlobal
