<?xml version="1.0" encoding="UTF-8" standalone="yes" ?>
<CodeBlocks_project_file>
	<FileVersion major="1" minor="6" />
	<Project>
		<Option title="LED_Blink" />
		<Option makefile="makefile" />
		<Option pch_mode="2" />
		<Option compiler="arm_codesourcery" />
		<Build>
			<Target title="Release">
				<Option output="bin\LED_Blink.elf" prefix_auto="0" extension_auto="0" />
				<Option working_dir="" />
				<Option object_output="obj\" />
				<Option type="5" />
				<Option compiler="arm_codesourcery" />
				<Compiler>
					<Add option="-O2" />
					<Add option="-Wall" />
				</Compiler>
				<Linker>
					<Add option="-s" />
				</Linker>
			</Target>
			<Target title="Debug">
				<Option output="bin\LED_Blink.elf" prefix_auto="0" extension_auto="0" />
				<Option working_dir="" />
				<Option object_output="obj\" />
				<Option type="5" />
				<Option compiler="arm_codesourcery" />
				<Compiler>
					<Add option="-Wall" />
					<Add option="-g" />
				</Compiler>
			</Target>
			<Environment>
				<Variable name="VSPROG_DEV" value="stm32_md" />
				<Variable name="ARMDEVICE" value="STM32_Med-density_128K" />
				<Variable name="DEST_ADDR" value="0x08000000" />
			</Environment>
		</Build>
		<Compiler>
			<Add option="-O2" />
			<Add option="-Wall" />
			<Add option="-mcpu=cortex-m3 -mthumb -g" />
			<Add option="-DSTM32F10X_MD" />
			<Add option="-DUSE_STDPERIPH_DRIVER" />
			<Add option="-DUSE_STM32_DISCOVERY" />
			<Add directory="." />
			<Add directory=".\lib" />
		</Compiler>
		<Linker>
			<Add option="-mcpu=cortex-m3 -mthumb" />
			<Add option="-T stm32_128K_20K.ld" />
			<Add option="-Wl,--gc-sections,-Map=$(TARGET_OBJECT_DIR)$(TARGET_OUTPUT_BASENAME).map,-cref,-u,Reset_Handler" />
			<Add directory="." />
			<Add directory=".\lib" />
		</Linker>
		<ExtraCommands>
			<Add after="arm-none-eabi-objcopy -O ihex $(TARGET_OUTPUT_FILE) $(TARGET_OUTPUT_DIR)$(TARGET_OUTPUT_BASENAME).hex" />
			<Add after="arm-none-eabi-objcopy -O binary $(TARGET_OUTPUT_FILE) $(TARGET_OUTPUT_DIR)$(TARGET_OUTPUT_BASENAME).bin" />
			<Add after="arm-none-eabi-objdump -h -w $(TARGET_OUTPUT_FILE)" />
			<Add after='cmd /c arm-none-eabi-objdump -h -S $(TARGET_OUTPUT_FILE) &gt; $(TARGET_OUTPUT_FILE).lss&quot;' />
			<Mode after="always" />
		</ExtraCommands>
		<Unit filename="LED_Blink_Main.c">
			<Option compilerVar="CC" />
		</Unit>
		<Unit filename="lib\stm32f10x_gpio.c">
			<Option compilerVar="CC" />
		</Unit>
		<Unit filename="lib\stm32f10x_rcc.c">
			<Option compilerVar="CC" />
		</Unit>
		<Unit filename="startup_stm32f10x_md.s" />
		<Unit filename="stm32f10x_conf.h" />
		<Unit filename="stm32f10x_it.c">
			<Option compilerVar="CC" />
		</Unit>
		<Extensions>
			<code_completion />
			<envvars />
			<debugger>
				<remote_debugging>
					<options conn_type="0" serial_baud="115200" ip_address="127.0.0.1" ip_port="3333" />
				</remote_debugging>
				<remote_debugging target="Release">
					<options conn_type="0" serial_baud="115200" ip_address="127.0.0.1" ip_port="3333" />
				</remote_debugging>
				<remote_debugging target="Debug">
					<options conn_type="0" serial_baud="115200" ip_address="127.0.0.1" ip_port="3333" />
				</remote_debugging>
			</debugger>
			<lib_finder disable_auto="1" />
		</Extensions>
	</Project>
</CodeBlocks_project_file>
